
Microsoft Visual Studio Solution File, Format Version 12.00
# Visual Studio Version 17
VisualStudioVersion = 17.8.34601.278
MinimumVisualStudioVersion = 10.0.40219.1
Project("{FAE04EC0-301F-11D3-BF4B-00C04F79EFBC}") = "AdventOfCode2023", "AdventOfCode2023\AdventOfCode2023.csproj", "{7DA191D0-46D1-40BD-B107-DB7D050997ED}"
EndProject
Project("{FAE04EC0-301F-11D3-BF4B-00C04F79EFBC}") = "Tests", "Tests\Tests.csproj", "{435DC9DC-5AD4-44D2-8B6F-61BE0EDA7892}"
EndProject
Project("{FAE04EC0-301F-11D3-BF4B-00C04F79EFBC}") = "AdventOfCodeRunner", "AdventOfCodeRunner\AdventOfCodeRunner.csproj", "{F44586A1-1F79-478C-AE34-372C27BEAFA8}"
EndProject
Global
	GlobalSection(SolutionConfigurationPlatforms) = preSolution
		Debug|Any CPU = Debug|Any CPU
		Release|Any CPU = Release|Any CPU
	EndGlobalSection
	GlobalSection(ProjectConfigurationPlatforms) = postSolution
		{7DA191D0-46D1-40BD-B107-DB7D050997ED}.Debug|Any CPU.ActiveCfg = Debug|Any CPU
		{7DA191D0-46D1-40BD-B107-DB7D050997ED}.Debug|Any CPU.Build.0 = Debug|Any CPU
		{7DA191D0-46D1-40BD-B107-DB7D050997ED}.Release|Any CPU.ActiveCfg = Release|Any CPU
		{7DA191D0-46D1-40BD-B107-DB7D050997ED}.Release|Any CPU.Build.0 = Release|Any CPU
		{435DC9DC-5AD4-44D2-8B6F-61BE0EDA7892}.Debug|Any CPU.ActiveCfg = Debug|Any CPU
		{435DC9DC-5AD4-44D2-8B6F-61BE0EDA7892}.Debug|Any CPU.Build.0 = Debug|Any CPU
		{435DC9DC-5AD4-44D2-8B6F-61BE0EDA7892}.Release|Any CPU.ActiveCfg = Release|Any CPU
		{435DC9DC-5AD4-44D2-8B6F-61BE0EDA7892}.Release|Any CPU.Build.0 = Release|Any CPU
		{F44586A1-1F79-478C-AE34-372C27BEAFA8}.Debug|Any CPU.ActiveCfg = Debug|Any CPU
		{F44586A1-1F79-478C-AE34-372C27BEAFA8}.Debug|Any CPU.Build.0 = Debug|Any CPU
		{F44586A1-1F79-478C-AE34-372C27BEAFA8}.Release|Any CPU.ActiveCfg = Release|Any CPU
		{F44586A1-1F79-478C-AE34-372C27BEAFA8}.Release|Any CPU.Build.0 = Release|Any CPU
	EndGlobalSection
	GlobalSection(SolutionProperties) = preSolution
		HideSolutionNode = FALSE
	EndGlobalSection
	GlobalSection(ExtensibilityGlobals) = postSolution
		SolutionGuid = {8C1F4CFD-CA66-45CF-A232-7727717F8702}
	EndGlobalSection
EndGlobal
